{
  "name": "@escaping.apes/folder-monkey",
  "version": "1.0.0",
  "lockfileVersion": 1,
  "requires": true,
  "dependencies": {
    "fsx": {
      "version": "1.0.2",
      "resolved": "https://registry.npmjs.org/fsx/-/fsx-1.0.2.tgz",
      "integrity": "sha1-md8QYT4IrcqLRjtR2Zzzlpaa2Jg="
    }
  }
}
